
Microsoft Visual Studio Solution File, Format Version 12.00
# Visual Studio Version 16
VisualStudioVersion = 16.0.29230.47
MinimumVisualStudioVersion = 10.0.40219.1
Project("{9A19103F-16F7-4668-BE54-9A1E7A4F7556}") = "LogArchiving", "LogArchiving\LogArchiving.csproj", "{690D47CB-02DE-4104-A2F9-4D347719111B}"
EndProject
Global
	GlobalSection(SolutionConfigurationPlatforms) = preSolution
		Debug|Any CPU = Debug|Any CPU
		Release|Any CPU = Release|Any CPU
	EndGlobalSection
	GlobalSection(ProjectConfigurationPlatforms) = postSolution
		{690D47CB-02DE-4104-A2F9-4D347719111B}.Debug|Any CPU.ActiveCfg = Debug|Any CPU
		{690D47CB-02DE-4104-A2F9-4D347719111B}.Debug|Any CPU.Build.0 = Debug|Any CPU
		{690D47CB-02DE-4104-A2F9-4D347719111B}.Release|Any CPU.ActiveCfg = Release|Any CPU
		{690D47CB-02DE-4104-A2F9-4D347719111B}.Release|Any CPU.Build.0 = Release|Any CPU
	EndGlobalSection
	GlobalSection(SolutionProperties) = preSolution
		HideSolutionNode = FALSE
	EndGlobalSection
	GlobalSection(ExtensibilityGlobals) = postSolution
		SolutionGuid = {4919F5D6-7DF4-4579-960B-3DC1F9E64E8C}
	EndGlobalSection
EndGlobal
